
Microsoft Visual Studio Solution File, Format Version 12.00
# Visual Studio Version 16
VisualStudioVersion = 16.0.31613.86
MinimumVisualStudioVersion = 10.0.40219.1
Project("{FAE04EC0-301F-11D3-BF4B-00C04F79EFBC}") = "SudokuSolver", "SudokuSolver.csproj", "{CCBE677B-442F-40ED-8F09-CEDB21555CFB}"
EndProject
Global
	GlobalSection(SolutionConfigurationPlatforms) = preSolution
		Debug|Any CPU = Debug|Any CPU
		Release|Any CPU = Release|Any CPU
	EndGlobalSection
	GlobalSection(ProjectConfigurationPlatforms) = postSolution
		{CCBE677B-442F-40ED-8F09-CEDB21555CFB}.Debug|Any CPU.ActiveCfg = Debug|Any CPU
		{CCBE677B-442F-40ED-8F09-CEDB21555CFB}.Debug|Any CPU.Build.0 = Debug|Any CPU
		{CCBE677B-442F-40ED-8F09-CEDB21555CFB}.Release|Any CPU.ActiveCfg = Release|Any CPU
		{CCBE677B-442F-40ED-8F09-CEDB21555CFB}.Release|Any CPU.Build.0 = Release|Any CPU
	EndGlobalSection
	GlobalSection(SolutionProperties) = preSolution
		HideSolutionNode = FALSE
	EndGlobalSection
	GlobalSection(ExtensibilityGlobals) = postSolution
		SolutionGuid = {B89B9B17-C9D7-495C-8A7F-B82CB8A5161B}
	EndGlobalSection
EndGlobal
